
Microsoft Visual Studio Solution File, Format Version 12.00
# Visual Studio Version 17
VisualStudioVersion = 17.9.34622.214
MinimumVisualStudioVersion = 10.0.40219.1
Project("{9A19103F-16F7-4668-BE54-9A1E7A4F7556}") = "Senior_Backend_Task_1_Server", "Senior_Backend_Task_1\Senior_Backend_Task_1_Server.csproj", "{EDD35B62-C0EA-439B-BEE7-AD762B70C26E}"
EndProject
Global
	GlobalSection(SolutionConfigurationPlatforms) = preSolution
		Debug|Any CPU = Debug|Any CPU
		Release|Any CPU = Release|Any CPU
	EndGlobalSection
	GlobalSection(ProjectConfigurationPlatforms) = postSolution
		{EDD35B62-C0EA-439B-BEE7-AD762B70C26E}.Debug|Any CPU.ActiveCfg = Debug|Any CPU
		{EDD35B62-C0EA-439B-BEE7-AD762B70C26E}.Debug|Any CPU.Build.0 = Debug|Any CPU
		{EDD35B62-C0EA-439B-BEE7-AD762B70C26E}.Release|Any CPU.ActiveCfg = Release|Any CPU
		{EDD35B62-C0EA-439B-BEE7-AD762B70C26E}.Release|Any CPU.Build.0 = Release|Any CPU
	EndGlobalSection
	GlobalSection(SolutionProperties) = preSolution
		HideSolutionNode = FALSE
	EndGlobalSection
	GlobalSection(ExtensibilityGlobals) = postSolution
		SolutionGuid = {E0D623BF-B0D3-4B8F-A40D-0C74DA0916F4}
	EndGlobalSection
EndGlobal
